
Microsoft Visual Studio Solution File, Format Version 12.00
# Visual Studio 14
VisualStudioVersion = 14.0.23107.0
MinimumVisualStudioVersion = 10.0.40219.1
Project("{FAE04EC0-301F-11D3-BF4B-00C04F79EFBC}") = "iTunesHue", "iTunesHue\iTunesHue.csproj", "{E29356B4-653C-4908-9A65-A5B79A4AC68F}"
EndProject
Project("{FAE04EC0-301F-11D3-BF4B-00C04F79EFBC}") = "HueSharp", "HueSharp\HueSharp.csproj", "{8378F13C-A7E0-45A1-80FF-7B5EFFB010D5}"
EndProject
Project("{FAE04EC0-301F-11D3-BF4B-00C04F79EFBC}") = "HueController", "HueController\HueController.csproj", "{EDA5BE55-ABF3-467F-9EEA-25F5C93EF7B5}"
EndProject
Project("{FAE04EC0-301F-11D3-BF4B-00C04F79EFBC}") = "iTunesSharp", "iTunesSharp\iTunesSharp.csproj", "{AA04D96A-3609-4BFD-952B-E290A14B2D11}"
EndProject
Project("{FAE04EC0-301F-11D3-BF4B-00C04F79EFBC}") = "ImageAnalyzer", "ImageAnalyzer\ImageAnalyzer.csproj", "{DD7F6A27-7D6D-4DEC-9C9C-91F97A0C5CD0}"
EndProject
Global
	GlobalSection(SolutionConfigurationPlatforms) = preSolution
		Debug|Any CPU = Debug|Any CPU
		Release|Any CPU = Release|Any CPU
	EndGlobalSection
	GlobalSection(ProjectConfigurationPlatforms) = postSolution
		{E29356B4-653C-4908-9A65-A5B79A4AC68F}.Debug|Any CPU.ActiveCfg = Debug|Any CPU
		{E29356B4-653C-4908-9A65-A5B79A4AC68F}.Debug|Any CPU.Build.0 = Debug|Any CPU
		{E29356B4-653C-4908-9A65-A5B79A4AC68F}.Release|Any CPU.ActiveCfg = Release|Any CPU
		{E29356B4-653C-4908-9A65-A5B79A4AC68F}.Release|Any CPU.Build.0 = Release|Any CPU
		{8378F13C-A7E0-45A1-80FF-7B5EFFB010D5}.Debug|Any CPU.ActiveCfg = Debug|Any CPU
		{8378F13C-A7E0-45A1-80FF-7B5EFFB010D5}.Debug|Any CPU.Build.0 = Debug|Any CPU
		{8378F13C-A7E0-45A1-80FF-7B5EFFB010D5}.Release|Any CPU.ActiveCfg = Release|Any CPU
		{8378F13C-A7E0-45A1-80FF-7B5EFFB010D5}.Release|Any CPU.Build.0 = Release|Any CPU
		{EDA5BE55-ABF3-467F-9EEA-25F5C93EF7B5}.Debug|Any CPU.ActiveCfg = Debug|Any CPU
		{EDA5BE55-ABF3-467F-9EEA-25F5C93EF7B5}.Debug|Any CPU.Build.0 = Debug|Any CPU
		{EDA5BE55-ABF3-467F-9EEA-25F5C93EF7B5}.Release|Any CPU.ActiveCfg = Release|Any CPU
		{EDA5BE55-ABF3-467F-9EEA-25F5C93EF7B5}.Release|Any CPU.Build.0 = Release|Any CPU
		{AA04D96A-3609-4BFD-952B-E290A14B2D11}.Debug|Any CPU.ActiveCfg = Debug|Any CPU
		{AA04D96A-3609-4BFD-952B-E290A14B2D11}.Debug|Any CPU.Build.0 = Debug|Any CPU
		{AA04D96A-3609-4BFD-952B-E290A14B2D11}.Release|Any CPU.ActiveCfg = Release|Any CPU
		{AA04D96A-3609-4BFD-952B-E290A14B2D11}.Release|Any CPU.Build.0 = Release|Any CPU
		{DD7F6A27-7D6D-4DEC-9C9C-91F97A0C5CD0}.Debug|Any CPU.ActiveCfg = Debug|Any CPU
		{DD7F6A27-7D6D-4DEC-9C9C-91F97A0C5CD0}.Debug|Any CPU.Build.0 = Debug|Any CPU
		{DD7F6A27-7D6D-4DEC-9C9C-91F97A0C5CD0}.Release|Any CPU.ActiveCfg = Release|Any CPU
		{DD7F6A27-7D6D-4DEC-9C9C-91F97A0C5CD0}.Release|Any CPU.Build.0 = Release|Any CPU
	EndGlobalSection
	GlobalSection(SolutionProperties) = preSolution
		HideSolutionNode = FALSE
	EndGlobalSection
EndGlobal
